
Microsoft Visual Studio Solution File, Format Version 12.00
# Visual Studio Version 16
VisualStudioVersion = 16.0.29905.134
MinimumVisualStudioVersion = 10.0.40219.1
Project("{6EC3EE1D-3C4E-46DD-8F32-0CC8E7565705}") = "VinylUI", "..\..\VinylUI\VinylUI.fsproj", "{48999CC6-FCCC-46D7-9E2B-31470E1539E4}"
EndProject
Project("{FAE04EC0-301F-11D3-BF4B-00C04F79EFBC}") = "ShapeArea.Forms", "ShapeArea.Forms\ShapeArea.Forms.csproj", "{7589E52E-0012-43ED-BFEC-3E0911A2ECAD}"
EndProject
Project("{F2A71F9B-5D33-465A-A702-920D77279786}") = "ShapeArea", "ShapeArea\ShapeArea.fsproj", "{661434D9-7105-4145-A040-03DD9ACDDB0D}"
	ProjectSection(ProjectDependencies) = postProject
		{48999CC6-FCCC-46D7-9E2B-31470E1539E4} = {48999CC6-FCCC-46D7-9E2B-31470E1539E4}
	EndProjectSection
EndProject
Global
	GlobalSection(SolutionConfigurationPlatforms) = preSolution
		Debug|Any CPU = Debug|Any CPU
		Release|Any CPU = Release|Any CPU
	EndGlobalSection
	GlobalSection(ProjectConfigurationPlatforms) = postSolution
		{48999CC6-FCCC-46D7-9E2B-31470E1539E4}.Debug|Any CPU.ActiveCfg = Debug|Any CPU
		{48999CC6-FCCC-46D7-9E2B-31470E1539E4}.Debug|Any CPU.Build.0 = Debug|Any CPU
		{48999CC6-FCCC-46D7-9E2B-31470E1539E4}.Release|Any CPU.ActiveCfg = Release|Any CPU
		{48999CC6-FCCC-46D7-9E2B-31470E1539E4}.Release|Any CPU.Build.0 = Release|Any CPU
		{7589E52E-0012-43ED-BFEC-3E0911A2ECAD}.Debug|Any CPU.ActiveCfg = Debug|Any CPU
		{7589E52E-0012-43ED-BFEC-3E0911A2ECAD}.Debug|Any CPU.Build.0 = Debug|Any CPU
		{7589E52E-0012-43ED-BFEC-3E0911A2ECAD}.Release|Any CPU.ActiveCfg = Release|Any CPU
		{7589E52E-0012-43ED-BFEC-3E0911A2ECAD}.Release|Any CPU.Build.0 = Release|Any CPU
		{661434D9-7105-4145-A040-03DD9ACDDB0D}.Debug|Any CPU.ActiveCfg = Debug|Any CPU
		{661434D9-7105-4145-A040-03DD9ACDDB0D}.Debug|Any CPU.Build.0 = Debug|Any CPU
		{661434D9-7105-4145-A040-03DD9ACDDB0D}.Release|Any CPU.ActiveCfg = Release|Any CPU
		{661434D9-7105-4145-A040-03DD9ACDDB0D}.Release|Any CPU.Build.0 = Release|Any CPU
	EndGlobalSection
	GlobalSection(SolutionProperties) = preSolution
		HideSolutionNode = FALSE
	EndGlobalSection
	GlobalSection(ExtensibilityGlobals) = postSolution
		SolutionGuid = {9C8522F8-9E41-40C0-9E77-3BCB1536014E}
	EndGlobalSection
EndGlobal
