
Microsoft Visual Studio Solution File, Format Version 12.00
# Visual Studio Version 16
VisualStudioVersion = 16.0.29905.134
MinimumVisualStudioVersion = 10.0.40219.1
Project("{F2A71F9B-5D33-465A-A702-920D77279786}") = "ContactsManager", "ContactsManager\ContactsManager.fsproj", "{00C6BB4E-5B83-44E0-8242-606850E60139}"
	ProjectSection(ProjectDependencies) = postProject
		{48999CC6-FCCC-46D7-9E2B-31470E1539E4} = {48999CC6-FCCC-46D7-9E2B-31470E1539E4}
	EndProjectSection
EndProject
Project("{6EC3EE1D-3C4E-46DD-8F32-0CC8E7565705}") = "VinylUI", "..\..\VinylUI\VinylUI.fsproj", "{48999CC6-FCCC-46D7-9E2B-31470E1539E4}"
EndProject
Project("{FAE04EC0-301F-11D3-BF4B-00C04F79EFBC}") = "ContactsManagerUI", "ContactsManagerUI\ContactsManagerUI.csproj", "{C830E296-FA35-4CA9-B23A-81EFF1EC70DE}"
EndProject
Project("{F2A71F9B-5D33-465A-A702-920D77279786}") = "ContactsManagerDomain", "ContactsManagerDomain\ContactsManagerDomain.fsproj", "{D3DCABEF-8848-4706-9A4C-AFF91CEDFBE9}"
EndProject
Global
	GlobalSection(SolutionConfigurationPlatforms) = preSolution
		Debug|Any CPU = Debug|Any CPU
		Release|Any CPU = Release|Any CPU
	EndGlobalSection
	GlobalSection(ProjectConfigurationPlatforms) = postSolution
		{00C6BB4E-5B83-44E0-8242-606850E60139}.Debug|Any CPU.ActiveCfg = Debug|Any CPU
		{00C6BB4E-5B83-44E0-8242-606850E60139}.Debug|Any CPU.Build.0 = Debug|Any CPU
		{00C6BB4E-5B83-44E0-8242-606850E60139}.Release|Any CPU.ActiveCfg = Release|Any CPU
		{00C6BB4E-5B83-44E0-8242-606850E60139}.Release|Any CPU.Build.0 = Release|Any CPU
		{48999CC6-FCCC-46D7-9E2B-31470E1539E4}.Debug|Any CPU.ActiveCfg = Debug|Any CPU
		{48999CC6-FCCC-46D7-9E2B-31470E1539E4}.Debug|Any CPU.Build.0 = Debug|Any CPU
		{48999CC6-FCCC-46D7-9E2B-31470E1539E4}.Release|Any CPU.ActiveCfg = Release|Any CPU
		{48999CC6-FCCC-46D7-9E2B-31470E1539E4}.Release|Any CPU.Build.0 = Release|Any CPU
		{C830E296-FA35-4CA9-B23A-81EFF1EC70DE}.Debug|Any CPU.ActiveCfg = Debug|Any CPU
		{C830E296-FA35-4CA9-B23A-81EFF1EC70DE}.Debug|Any CPU.Build.0 = Debug|Any CPU
		{C830E296-FA35-4CA9-B23A-81EFF1EC70DE}.Release|Any CPU.ActiveCfg = Release|Any CPU
		{C830E296-FA35-4CA9-B23A-81EFF1EC70DE}.Release|Any CPU.Build.0 = Release|Any CPU
		{D3DCABEF-8848-4706-9A4C-AFF91CEDFBE9}.Debug|Any CPU.ActiveCfg = Debug|Any CPU
		{D3DCABEF-8848-4706-9A4C-AFF91CEDFBE9}.Debug|Any CPU.Build.0 = Debug|Any CPU
		{D3DCABEF-8848-4706-9A4C-AFF91CEDFBE9}.Release|Any CPU.ActiveCfg = Release|Any CPU
		{D3DCABEF-8848-4706-9A4C-AFF91CEDFBE9}.Release|Any CPU.Build.0 = Release|Any CPU
	EndGlobalSection
	GlobalSection(SolutionProperties) = preSolution
		HideSolutionNode = FALSE
	EndGlobalSection
	GlobalSection(ExtensibilityGlobals) = postSolution
		SolutionGuid = {D9B228CD-2895-4AC5-91C6-29A41E5AEF0F}
	EndGlobalSection
EndGlobal
